
Microsoft Visual Studio Solution File, Format Version 12.00
# Visual Studio 2012
Project("{FAE04EC0-301F-11D3-BF4B-00C04F79EFBC}") = "BP", "BP\BP.csproj", "{71C2A2E9-9E55-4298-98B2-7BC8510C9E70}"
	ProjectSection(ProjectDependencies) = postProject
		{AA07C21C-69DD-4EE9-BC55-943ECD6DB569} = {AA07C21C-69DD-4EE9-BC55-943ECD6DB569}
	EndProjectSection
EndProject
Project("{FAE04EC0-301F-11D3-BF4B-00C04F79EFBC}") = "DAL", "DAL\DAL.csproj", "{AA07C21C-69DD-4EE9-BC55-943ECD6DB569}"
EndProject
Project("{FAE04EC0-301F-11D3-BF4B-00C04F79EFBC}") = "Security", "Security\Security.csproj", "{4A2E9AA2-B04C-4F18-9777-C0D557B1C4F9}"
EndProject
Global
	GlobalSection(SolutionConfigurationPlatforms) = preSolution
		Debug|Any CPU = Debug|Any CPU
		Release|Any CPU = Release|Any CPU
	EndGlobalSection
	GlobalSection(ProjectConfigurationPlatforms) = postSolution
		{71C2A2E9-9E55-4298-98B2-7BC8510C9E70}.Debug|Any CPU.ActiveCfg = Debug|Any CPU
		{71C2A2E9-9E55-4298-98B2-7BC8510C9E70}.Debug|Any CPU.Build.0 = Debug|Any CPU
		{71C2A2E9-9E55-4298-98B2-7BC8510C9E70}.Release|Any CPU.ActiveCfg = Release|Any CPU
		{71C2A2E9-9E55-4298-98B2-7BC8510C9E70}.Release|Any CPU.Build.0 = Release|Any CPU
		{AA07C21C-69DD-4EE9-BC55-943ECD6DB569}.Debug|Any CPU.ActiveCfg = Debug|Any CPU
		{AA07C21C-69DD-4EE9-BC55-943ECD6DB569}.Debug|Any CPU.Build.0 = Debug|Any CPU
		{AA07C21C-69DD-4EE9-BC55-943ECD6DB569}.Release|Any CPU.ActiveCfg = Release|Any CPU
		{AA07C21C-69DD-4EE9-BC55-943ECD6DB569}.Release|Any CPU.Build.0 = Release|Any CPU
		{4A2E9AA2-B04C-4F18-9777-C0D557B1C4F9}.Debug|Any CPU.ActiveCfg = Debug|Any CPU
		{4A2E9AA2-B04C-4F18-9777-C0D557B1C4F9}.Debug|Any CPU.Build.0 = Debug|Any CPU
		{4A2E9AA2-B04C-4F18-9777-C0D557B1C4F9}.Release|Any CPU.ActiveCfg = Release|Any CPU
		{4A2E9AA2-B04C-4F18-9777-C0D557B1C4F9}.Release|Any CPU.Build.0 = Release|Any CPU
	EndGlobalSection
	GlobalSection(SolutionProperties) = preSolution
		HideSolutionNode = FALSE
	EndGlobalSection
EndGlobal
